{
  "requires": true,
  "lockfileVersion": 1,
  "dependencies": {
    "@babel/runtime": {
      "version": "7.17.8",
      "resolved": "https://registry.npmmirror.com/@babel/runtime/-/runtime-7.17.8.tgz",
      "integrity": "sha512-dQpEpK0O9o6lj6oPu0gRDbbnk+4LeHlNcBpspf6Olzt3GIX4P1lWF1gS+pHLDFlaJvbR6q7jCfQ08zA4QJBnmA==",
      "requires": {
        "regenerator-runtime": "^0.13.4"
      }
    },
    "@vue/devtools-api": {
      "version": "6.1.4",
      "resolved": "https://registry.npmmirror.com/@vue/devtools-api/-/devtools-api-6.1.4.tgz",
      "integrity": "sha512-IiA0SvDrJEgXvVxjNkHPFfDx6SXw0b/TUkqMcDZWNg9fnCAHbTpoo59YfJ9QLFkwa3raau5vSlRVzMSLDnfdtQ=="
    },
    "automation-events": {
      "version": "4.0.14",
      "resolved": "https://registry.npmmirror.com/automation-events/-/automation-events-4.0.14.tgz",
      "integrity": "sha512-CB2Me0yW8sz7gSGwMiSfgfs1Oqlgs53k+eVESN6axvRyMAD3zlSp2nqndD2TQAtW3yOtSEJWNGsw0r48+f1wtw==",
      "requires": {
        "@babel/runtime": "^7.17.2",
        "tslib": "^2.3.1"
      }
    },
    "eruda": {
      "version": "2.4.1",
      "resolved": "https://registry.npmmirror.com/eruda/-/eruda-2.4.1.tgz",
      "integrity": "sha512-rI16JoCsyy/pzXbPo7X6EMSUrhbtKZeFZGopiqrmCKxA8GlH61IXjlQAk1SWGpVpkJ6A1z7leuF8EmhFsU+OXQ=="
    },
    "regenerator-runtime": {
      "version": "0.13.9",
      "resolved": "https://registry.npmmirror.com/regenerator-runtime/-/regenerator-runtime-0.13.9.tgz",
      "integrity": "sha512-p3VT+cOEgxFsRRA9X4lkI1E+k2/CtnKtU4gcxyaCUreilL/vqI6CdZ3wxVUx3UOUg+gnUOQQcRI7BmSI656MYA=="
    },
    "standardized-audio-context": {
      "version": "25.3.21",
      "resolved": "https://registry.npmmirror.com/standardized-audio-context/-/standardized-audio-context-25.3.21.tgz",
      "integrity": "sha512-CZEnayJJjNefeU+z1QGDhaid1LAAYxWYa2ipNk75ropwec9rq6fmclyhXb1wGtDsZ402irX3HLt1U/PwP9+1fA==",
      "requires": {
        "@babel/runtime": "^7.17.2",
        "automation-events": "^4.0.14",
        "tslib": "^2.3.1"
      }
    },
    "tone": {
      "version": "14.8.38",
      "resolved": "https://registry.npmmirror.com/tone/-/tone-14.8.38.tgz",
      "integrity": "sha512-6u1xI/dMirxhFmCQYboEymz4A3dCZIMqj1a15cqVSFq1Q78/sV12emM/rY5LkK1u3VMnzT+9iX/hVMkJzNtrpA==",
      "requires": {
        "standardized-audio-context": "^25.3.16",
        "tslib": "^2.3.1"
      }
    },
    "tslib": {
      "version": "2.3.1",
      "resolved": "https://registry.npmmirror.com/tslib/-/tslib-2.3.1.tgz",
      "integrity": "sha512-77EbyPPpMz+FRFRuAFlWMtmgUWGe9UOG2Z25NqCwiIjRhOf5iKGuzSe5P2w1laq+FkRy4p+PCuVkJSGkzTEKVw=="
    },
    "vuex": {
      "version": "4.0.2",
      "resolved": "https://registry.npmmirror.com/vuex/-/vuex-4.0.2.tgz",
      "integrity": "sha512-M6r8uxELjZIK8kTKDGgZTYX/ahzblnzC4isU1tpmEuOIIKmV+TRdc+H4s8ds2NuZ7wpUTdGRzJRtoj+lI+pc0Q==",
      "requires": {
        "@vue/devtools-api": "^6.0.0-beta.11"
      }
    }
  }
}
