{
  "name": "Cove",
  "lockfileVersion": 2,
  "requires": true,
  "packages": {
    "": {
      "dependencies": {
        "eruda": "^2.4.1",
        "particles.js": "^2.0.0",
        "tonal": "^2.2.2",
        "tone": "^14.7.77",
        "vconsole": "^3.14.6",
        "vue-typed-js": "^0.1.2",
        "weixin-js-sdk": "^1.6.0"
      }
    },
    "node_modules/@babel/runtime": {
      "version": "7.17.9",
      "resolved": "https://registry.npmjs.org/@babel/runtime/-/runtime-7.17.9.tgz",
      "integrity": "sha512-lSiBBvodq29uShpWGNbgFdKYNiFDo5/HIYsaCEY9ff4sb10x9jizo2+pRrSyF4jKZCXqgzuqBOQKbUm90gQwJg==",
      "dependencies": {
        "regenerator-runtime": "^0.13.4"
      },
      "engines": {
        "node": ">=6.9.0"
      }
    },
    "node_modules/automation-events": {
      "version": "4.0.15",
      "resolved": "https://registry.npmjs.org/automation-events/-/automation-events-4.0.15.tgz",
      "integrity": "sha512-58S7TZEii10lx4SABD/B52uMZXN30FWbfM06+3Kgo602YvWbhPQG2IiOvr/7iI5x7fjrqPNVjAigA0C/kOA28g==",
      "dependencies": {
        "@babel/runtime": "^7.17.9",
        "tslib": "^2.3.1"
      },
      "engines": {
        "node": ">=12.20.1"
      }
    },
    "node_modules/copy-text-to-clipboard": {
      "version": "3.0.1",
      "resolved": "https://registry.npmmirror.com/copy-text-to-clipboard/-/copy-text-to-clipboard-3.0.1.tgz",
      "integrity": "sha512-rvVsHrpFcL4F2P8ihsoLdFHmd404+CMg71S756oRSeQgqk51U3kicGdnvfkrxva0xXH92SjGS62B0XIJsbh+9Q==",
      "engines": {
        "node": ">=12"
      },
      "funding": {
        "url": "https://github.com/sponsors/sindresorhus"
      }
    },
    "node_modules/core-js": {
      "version": "3.22.4",
      "resolved": "https://registry.npmmirror.com/core-js/-/core-js-3.22.4.tgz",
      "integrity": "sha512-1uLykR+iOfYja+6Jn/57743gc9n73EWiOnSJJ4ba3B4fOEYDBv25MagmEZBxTp5cWq4b/KPx/l77zgsp28ju4w==",
      "hasInstallScript": true,
      "funding": {
        "type": "opencollective",
        "url": "https://opencollective.com/core-js"
      }
    },
    "node_modules/eruda": {
      "version": "2.4.1",
      "resolved": "https://registry.npmmirror.com/eruda/-/eruda-2.4.1.tgz",
      "integrity": "sha512-rI16JoCsyy/pzXbPo7X6EMSUrhbtKZeFZGopiqrmCKxA8GlH61IXjlQAk1SWGpVpkJ6A1z7leuF8EmhFsU+OXQ=="
    },
    "node_modules/mutation-observer": {
      "version": "1.0.3",
      "resolved": "https://registry.npmmirror.com/mutation-observer/-/mutation-observer-1.0.3.tgz",
      "integrity": "sha512-M/O/4rF2h776hV7qGMZUH3utZLO/jK7p8rnNgGkjKUw8zCGjRQPxB8z6+5l8+VjRUQ3dNYu4vjqXYLr+U8ZVNA=="
    },
    "node_modules/particles.js": {
      "version": "2.0.0",
      "resolved": "https://registry.npmjs.org/particles.js/-/particles.js-2.0.0.tgz",
      "integrity": "sha1-IThsQyjWx/lngKIB6W7t/AnHNvY="
    },
    "node_modules/regenerator-runtime": {
      "version": "0.13.9",
      "resolved": "https://registry.npmjs.org/regenerator-runtime/-/regenerator-runtime-0.13.9.tgz",
      "integrity": "sha512-p3VT+cOEgxFsRRA9X4lkI1E+k2/CtnKtU4gcxyaCUreilL/vqI6CdZ3wxVUx3UOUg+gnUOQQcRI7BmSI656MYA=="
    },
    "node_modules/standardized-audio-context": {
      "version": "25.3.23",
      "resolved": "https://registry.npmjs.org/standardized-audio-context/-/standardized-audio-context-25.3.23.tgz",
      "integrity": "sha512-4pDsYpOql/qAe+3iWnV0otsUyZYGCPA8h5UVSBclwc3gzsPN9pHCPWXGgI453JoM7IGLxNIdX0W1LOIdi5AgHQ==",
      "dependencies": {
        "@babel/runtime": "^7.17.9",
        "automation-events": "^4.0.15",
        "tslib": "^2.3.1"
      }
    },
    "node_modules/tonal": {
      "version": "2.2.2",
      "resolved": "https://registry.npmjs.org/tonal/-/tonal-2.2.2.tgz",
      "integrity": "sha512-Ze2bQc6KhAf3FKM9HzEsQ4z8hZh4WYCOsCrryONqf/THGOrOpL9Cc8Uc0dq0OA2yK2JbD5FhZckEXNYyD9946A==",
      "dependencies": {
        "tonal-array": "^2.2.2",
        "tonal-chord": "^2.2.2",
        "tonal-dictionary": "^2.2.2",
        "tonal-distance": "^2.2.2",
        "tonal-interval": "^2.2.2",
        "tonal-key": "^2.2.2",
        "tonal-note": "^2.2.2",
        "tonal-pcset": "^2.2.2",
        "tonal-scale": "^2.2.2"
      }
    },
    "node_modules/tonal-array": {
      "version": "2.2.2",
      "resolved": "https://registry.npmjs.org/tonal-array/-/tonal-array-2.2.2.tgz",
      "integrity": "sha512-h6YIq20L0EEU4EsDoKHAjl5kD2EQn467VfV79QHAuybvNCJpqqRNsQ3QNvoQyir1BgDXaDUIN9FEmQJNiaaCKA==",
      "dependencies": {
        "tonal-note": "^2.2.2"
      }
    },
    "node_modules/tonal-chord": {
      "version": "2.2.2",
      "resolved": "https://registry.npmjs.org/tonal-chord/-/tonal-chord-2.2.2.tgz",
      "integrity": "sha512-gOIXapi6Gx3ISRKdEJKEQjhDBiwjhaalyWSrN5rijGrSyyFFNZ+EVOfzcqLtnVAF9BgeO9Ca0eXCor3XpHdEJg==",
      "dependencies": {
        "tonal-dictionary": "^2.2.2",
        "tonal-distance": "^2.2.2",
        "tonal-note": "^2.2.2",
        "tonal-pcset": "^2.2.2"
      }
    },
    "node_modules/tonal-dictionary": {
      "version": "2.2.2",
      "resolved": "https://registry.npmjs.org/tonal-dictionary/-/tonal-dictionary-2.2.2.tgz",
      "integrity": "sha512-283ppJl/0lohhlVPMI6t5C6XwaP5Wx0egu9qfG9TLCT2tn4pRwYpXkzGufd9icvkJTgOylOum3+RxWmywUIPIg==",
      "dependencies": {
        "tonal-array": "^2.2.2",
        "tonal-note": "^2.2.2",
        "tonal-pcset": "^2.2.2"
      }
    },
    "node_modules/tonal-distance": {
      "version": "2.2.2",
      "resolved": "https://registry.npmjs.org/tonal-distance/-/tonal-distance-2.2.2.tgz",
      "integrity": "sha512-ktA6OapCxaetXJb/JuXD5QwfyB7/G3y3ONby7Kkbezyffc57cnNfjdhlTR9XBR7eSFIY/J1KuhLwMx/qrffT4g==",
      "dependencies": {
        "tonal-interval": "^2.2.2",
        "tonal-note": "^2.2.2"
      }
    },
    "node_modules/tonal-interval": {
      "version": "2.2.2",
      "resolved": "https://registry.npmjs.org/tonal-interval/-/tonal-interval-2.2.2.tgz",
      "integrity": "sha512-lrtDU8lH5IAX7YE63OhGGDRpVb4OoGxaN0wDu5XC3sUhXBwjSgNYpHY2D9JI2aWQ/Er9jhQbnw9b0ffkLy34+Q=="
    },
    "node_modules/tonal-key": {
      "version": "2.2.2",
      "resolved": "https://registry.npmjs.org/tonal-key/-/tonal-key-2.2.2.tgz",
      "integrity": "sha512-KIc0b8yPl2ATDxF/65P52tIIempNsAQrug0idpD0zFvs5F5cb1hp7Rh7JJ4gECwC/6a3Hgdd1jomI+TnJ7K98w==",
      "dependencies": {
        "tonal-array": "^2.2.2",
        "tonal-distance": "^2.2.2",
        "tonal-note": "^2.2.2",
        "tonal-roman-numeral": "^2.2.2"
      }
    },
    "node_modules/tonal-note": {
      "version": "2.2.2",
      "resolved": "https://registry.npmjs.org/tonal-note/-/tonal-note-2.2.2.tgz",
      "integrity": "sha512-RNK3Nb8PxBEW9yYGStcoczgE8bCYFZ5zfLvYJjvuzLWiwTQmqWOhTzONVobVCGFZ/jgDNwpBEKe/bngL3g3Xfw=="
    },
    "node_modules/tonal-pcset": {
      "version": "2.2.2",
      "resolved": "https://registry.npmjs.org/tonal-pcset/-/tonal-pcset-2.2.2.tgz",
      "integrity": "sha512-PSqhkxzckO6J27W0GxawHYln4wvfDJ7puDmccksyFOBo97UhLnpxiyvBekhiYpkuaMtoZLQC/KALAkEj7lcb+A==",
      "dependencies": {
        "tonal-array": "^2.2.2",
        "tonal-interval": "^2.2.2",
        "tonal-note": "^2.2.2"
      }
    },
    "node_modules/tonal-roman-numeral": {
      "version": "2.2.2",
      "resolved": "https://registry.npmjs.org/tonal-roman-numeral/-/tonal-roman-numeral-2.2.2.tgz",
      "integrity": "sha512-+auQNObpW3OvsSqlo+Cc+0otrlEhtbEgpzkPoKbTtkCva0P9oSkSz0OZ9fI73KQM5MsBs1XbB+olxppWkzYTFw=="
    },
    "node_modules/tonal-scale": {
      "version": "2.2.2",
      "resolved": "https://registry.npmjs.org/tonal-scale/-/tonal-scale-2.2.2.tgz",
      "integrity": "sha512-tDb3YCoTF50XOXq9kNhGB1JkInk7qAGN6GQnP/3xkGxkreFFRZyI58jfHlmWf/AH4+IKb/exsOmL6G8Ok/PCRw==",
      "dependencies": {
        "tonal-array": "^2.2.2",
        "tonal-dictionary": "^2.2.2",
        "tonal-distance": "^2.2.2",
        "tonal-note": "^2.2.2",
        "tonal-pcset": "^2.2.2"
      }
    },
    "node_modules/tone": {
      "version": "14.7.77",
      "resolved": "https://registry.npmjs.org/tone/-/tone-14.7.77.tgz",
      "integrity": "sha512-tCfK73IkLHyzoKUvGq47gyDyxiKLFvKiVCOobynGgBB9Dl0NkxTM2p+eRJXyCYrjJwy9Y0XCMqD3uOYsYt2Fdg==",
      "dependencies": {
        "standardized-audio-context": "^25.1.8",
        "tslib": "^2.0.1"
      }
    },
    "node_modules/tslib": {
      "version": "2.4.0",
      "resolved": "https://registry.npmjs.org/tslib/-/tslib-2.4.0.tgz",
      "integrity": "sha512-d6xOpEDfsi2CZVlPQzGeux8XMwLT9hssAsaPYExaQMuYskwb+x1x7J371tWlbBdWHroy99KnVB6qIkUbs5X3UQ=="
    },
    "node_modules/typed.js": {
      "version": "2.0.12",
      "resolved": "git+ssh://git@github.com/mattboldt/typed.js.git#37873a11ffadc43af412b67eea332d2a531dad15",
      "license": "MIT"
    },
    "node_modules/vconsole": {
      "version": "3.14.6",
      "resolved": "https://registry.npmmirror.com/vconsole/-/vconsole-3.14.6.tgz",
      "integrity": "sha512-8Ffk2SfNe6EzKqZ0aNnNjpAVBVT7zgJo81lYEJdKySYLVYBeSawdSkWi9fSjDg3WsQhgS1vNPmRqJDTuwdVbnQ==",
      "dependencies": {
        "@babel/runtime": "^7.17.2",
        "copy-text-to-clipboard": "^3.0.1",
        "core-js": "^3.11.0",
        "mutation-observer": "^1.0.3"
      }
    },
    "node_modules/vue-typed-js": {
      "version": "0.1.2",
      "resolved": "https://registry.npmmirror.com/vue-typed-js/-/vue-typed-js-0.1.2.tgz",
      "integrity": "sha512-9kDGuz17uYJghe/1hepRWiWYssgUFtrKnMGPHlWjVRxdvs/d9xYYWMkgzztjhx1R1B33hXkN8ctmkzCYHQ+caA==",
      "dependencies": {
        "typed.js": "git+https://github.com/mattboldt/typed.js.git"
      }
    },
    "node_modules/weixin-js-sdk": {
      "version": "1.6.0",
      "resolved": "https://registry.npmjs.org/weixin-js-sdk/-/weixin-js-sdk-1.6.0.tgz",
      "integrity": "sha512-3IYQH7aalJGFJrwdT3epvTdR1MboMiH7vIZ5BRL2eYOJ12BNah7csoMkmSZzkq1+l92sSq29XdTCVjCJoK2sBQ=="
    }
  },
  "dependencies": {
    "@babel/runtime": {
      "version": "7.17.9",
      "resolved": "https://registry.npmjs.org/@babel/runtime/-/runtime-7.17.9.tgz",
      "integrity": "sha512-lSiBBvodq29uShpWGNbgFdKYNiFDo5/HIYsaCEY9ff4sb10x9jizo2+pRrSyF4jKZCXqgzuqBOQKbUm90gQwJg==",
      "requires": {
        "regenerator-runtime": "^0.13.4"
      }
    },
    "automation-events": {
      "version": "4.0.15",
      "resolved": "https://registry.npmjs.org/automation-events/-/automation-events-4.0.15.tgz",
      "integrity": "sha512-58S7TZEii10lx4SABD/B52uMZXN30FWbfM06+3Kgo602YvWbhPQG2IiOvr/7iI5x7fjrqPNVjAigA0C/kOA28g==",
      "requires": {
        "@babel/runtime": "^7.17.9",
        "tslib": "^2.3.1"
      }
    },
    "copy-text-to-clipboard": {
      "version": "3.0.1",
      "resolved": "https://registry.npmmirror.com/copy-text-to-clipboard/-/copy-text-to-clipboard-3.0.1.tgz",
      "integrity": "sha512-rvVsHrpFcL4F2P8ihsoLdFHmd404+CMg71S756oRSeQgqk51U3kicGdnvfkrxva0xXH92SjGS62B0XIJsbh+9Q=="
    },
    "core-js": {
      "version": "3.22.4",
      "resolved": "https://registry.npmmirror.com/core-js/-/core-js-3.22.4.tgz",
      "integrity": "sha512-1uLykR+iOfYja+6Jn/57743gc9n73EWiOnSJJ4ba3B4fOEYDBv25MagmEZBxTp5cWq4b/KPx/l77zgsp28ju4w=="
    },
    "eruda": {
      "version": "2.4.1",
      "resolved": "https://registry.npmmirror.com/eruda/-/eruda-2.4.1.tgz",
      "integrity": "sha512-rI16JoCsyy/pzXbPo7X6EMSUrhbtKZeFZGopiqrmCKxA8GlH61IXjlQAk1SWGpVpkJ6A1z7leuF8EmhFsU+OXQ=="
    },
    "mutation-observer": {
      "version": "1.0.3",
      "resolved": "https://registry.npmmirror.com/mutation-observer/-/mutation-observer-1.0.3.tgz",
      "integrity": "sha512-M/O/4rF2h776hV7qGMZUH3utZLO/jK7p8rnNgGkjKUw8zCGjRQPxB8z6+5l8+VjRUQ3dNYu4vjqXYLr+U8ZVNA=="
    },
    "particles.js": {
      "version": "2.0.0",
      "resolved": "https://registry.npmjs.org/particles.js/-/particles.js-2.0.0.tgz",
      "integrity": "sha1-IThsQyjWx/lngKIB6W7t/AnHNvY="
    },
    "regenerator-runtime": {
      "version": "0.13.9",
      "resolved": "https://registry.npmjs.org/regenerator-runtime/-/regenerator-runtime-0.13.9.tgz",
      "integrity": "sha512-p3VT+cOEgxFsRRA9X4lkI1E+k2/CtnKtU4gcxyaCUreilL/vqI6CdZ3wxVUx3UOUg+gnUOQQcRI7BmSI656MYA=="
    },
    "standardized-audio-context": {
      "version": "25.3.23",
      "resolved": "https://registry.npmjs.org/standardized-audio-context/-/standardized-audio-context-25.3.23.tgz",
      "integrity": "sha512-4pDsYpOql/qAe+3iWnV0otsUyZYGCPA8h5UVSBclwc3gzsPN9pHCPWXGgI453JoM7IGLxNIdX0W1LOIdi5AgHQ==",
      "requires": {
        "@babel/runtime": "^7.17.9",
        "automation-events": "^4.0.15",
        "tslib": "^2.3.1"
      }
    },
    "tonal": {
      "version": "2.2.2",
      "resolved": "https://registry.npmjs.org/tonal/-/tonal-2.2.2.tgz",
      "integrity": "sha512-Ze2bQc6KhAf3FKM9HzEsQ4z8hZh4WYCOsCrryONqf/THGOrOpL9Cc8Uc0dq0OA2yK2JbD5FhZckEXNYyD9946A==",
      "requires": {
        "tonal-array": "^2.2.2",
        "tonal-chord": "^2.2.2",
        "tonal-dictionary": "^2.2.2",
        "tonal-distance": "^2.2.2",
        "tonal-interval": "^2.2.2",
        "tonal-key": "^2.2.2",
        "tonal-note": "^2.2.2",
        "tonal-pcset": "^2.2.2",
        "tonal-scale": "^2.2.2"
      }
    },
    "tonal-array": {
      "version": "2.2.2",
      "resolved": "https://registry.npmjs.org/tonal-array/-/tonal-array-2.2.2.tgz",
      "integrity": "sha512-h6YIq20L0EEU4EsDoKHAjl5kD2EQn467VfV79QHAuybvNCJpqqRNsQ3QNvoQyir1BgDXaDUIN9FEmQJNiaaCKA==",
      "requires": {
        "tonal-note": "^2.2.2"
      }
    },
    "tonal-chord": {
      "version": "2.2.2",
      "resolved": "https://registry.npmjs.org/tonal-chord/-/tonal-chord-2.2.2.tgz",
      "integrity": "sha512-gOIXapi6Gx3ISRKdEJKEQjhDBiwjhaalyWSrN5rijGrSyyFFNZ+EVOfzcqLtnVAF9BgeO9Ca0eXCor3XpHdEJg==",
      "requires": {
        "tonal-dictionary": "^2.2.2",
        "tonal-distance": "^2.2.2",
        "tonal-note": "^2.2.2",
        "tonal-pcset": "^2.2.2"
      }
    },
    "tonal-dictionary": {
      "version": "2.2.2",
      "resolved": "https://registry.npmjs.org/tonal-dictionary/-/tonal-dictionary-2.2.2.tgz",
      "integrity": "sha512-283ppJl/0lohhlVPMI6t5C6XwaP5Wx0egu9qfG9TLCT2tn4pRwYpXkzGufd9icvkJTgOylOum3+RxWmywUIPIg==",
      "requires": {
        "tonal-array": "^2.2.2",
        "tonal-note": "^2.2.2",
        "tonal-pcset": "^2.2.2"
      }
    },
    "tonal-distance": {
      "version": "2.2.2",
      "resolved": "https://registry.npmjs.org/tonal-distance/-/tonal-distance-2.2.2.tgz",
      "integrity": "sha512-ktA6OapCxaetXJb/JuXD5QwfyB7/G3y3ONby7Kkbezyffc57cnNfjdhlTR9XBR7eSFIY/J1KuhLwMx/qrffT4g==",
      "requires": {
        "tonal-interval": "^2.2.2",
        "tonal-note": "^2.2.2"
      }
    },
    "tonal-interval": {
      "version": "2.2.2",
      "resolved": "https://registry.npmjs.org/tonal-interval/-/tonal-interval-2.2.2.tgz",
      "integrity": "sha512-lrtDU8lH5IAX7YE63OhGGDRpVb4OoGxaN0wDu5XC3sUhXBwjSgNYpHY2D9JI2aWQ/Er9jhQbnw9b0ffkLy34+Q=="
    },
    "tonal-key": {
      "version": "2.2.2",
      "resolved": "https://registry.npmjs.org/tonal-key/-/tonal-key-2.2.2.tgz",
      "integrity": "sha512-KIc0b8yPl2ATDxF/65P52tIIempNsAQrug0idpD0zFvs5F5cb1hp7Rh7JJ4gECwC/6a3Hgdd1jomI+TnJ7K98w==",
      "requires": {
        "tonal-array": "^2.2.2",
        "tonal-distance": "^2.2.2",
        "tonal-note": "^2.2.2",
        "tonal-roman-numeral": "^2.2.2"
      }
    },
    "tonal-note": {
      "version": "2.2.2",
      "resolved": "https://registry.npmjs.org/tonal-note/-/tonal-note-2.2.2.tgz",
      "integrity": "sha512-RNK3Nb8PxBEW9yYGStcoczgE8bCYFZ5zfLvYJjvuzLWiwTQmqWOhTzONVobVCGFZ/jgDNwpBEKe/bngL3g3Xfw=="
    },
    "tonal-pcset": {
      "version": "2.2.2",
      "resolved": "https://registry.npmjs.org/tonal-pcset/-/tonal-pcset-2.2.2.tgz",
      "integrity": "sha512-PSqhkxzckO6J27W0GxawHYln4wvfDJ7puDmccksyFOBo97UhLnpxiyvBekhiYpkuaMtoZLQC/KALAkEj7lcb+A==",
      "requires": {
        "tonal-array": "^2.2.2",
        "tonal-interval": "^2.2.2",
        "tonal-note": "^2.2.2"
      }
    },
    "tonal-roman-numeral": {
      "version": "2.2.2",
      "resolved": "https://registry.npmjs.org/tonal-roman-numeral/-/tonal-roman-numeral-2.2.2.tgz",
      "integrity": "sha512-+auQNObpW3OvsSqlo+Cc+0otrlEhtbEgpzkPoKbTtkCva0P9oSkSz0OZ9fI73KQM5MsBs1XbB+olxppWkzYTFw=="
    },
    "tonal-scale": {
      "version": "2.2.2",
      "resolved": "https://registry.npmjs.org/tonal-scale/-/tonal-scale-2.2.2.tgz",
      "integrity": "sha512-tDb3YCoTF50XOXq9kNhGB1JkInk7qAGN6GQnP/3xkGxkreFFRZyI58jfHlmWf/AH4+IKb/exsOmL6G8Ok/PCRw==",
      "requires": {
        "tonal-array": "^2.2.2",
        "tonal-dictionary": "^2.2.2",
        "tonal-distance": "^2.2.2",
        "tonal-note": "^2.2.2",
        "tonal-pcset": "^2.2.2"
      }
    },
    "tone": {
      "version": "14.7.77",
      "resolved": "https://registry.npmjs.org/tone/-/tone-14.7.77.tgz",
      "integrity": "sha512-tCfK73IkLHyzoKUvGq47gyDyxiKLFvKiVCOobynGgBB9Dl0NkxTM2p+eRJXyCYrjJwy9Y0XCMqD3uOYsYt2Fdg==",
      "requires": {
        "standardized-audio-context": "^25.1.8",
        "tslib": "^2.0.1"
      }
    },
    "tslib": {
      "version": "2.4.0",
      "resolved": "https://registry.npmjs.org/tslib/-/tslib-2.4.0.tgz",
      "integrity": "sha512-d6xOpEDfsi2CZVlPQzGeux8XMwLT9hssAsaPYExaQMuYskwb+x1x7J371tWlbBdWHroy99KnVB6qIkUbs5X3UQ=="
    },
    "typed.js": {
      "version": "git+ssh://git@github.com/mattboldt/typed.js.git#37873a11ffadc43af412b67eea332d2a531dad15",
      "from": "typed.js@git+https://github.com/mattboldt/typed.js.git"
    },
    "vconsole": {
      "version": "3.14.6",
      "resolved": "https://registry.npmmirror.com/vconsole/-/vconsole-3.14.6.tgz",
      "integrity": "sha512-8Ffk2SfNe6EzKqZ0aNnNjpAVBVT7zgJo81lYEJdKySYLVYBeSawdSkWi9fSjDg3WsQhgS1vNPmRqJDTuwdVbnQ==",
      "requires": {
        "@babel/runtime": "^7.17.2",
        "copy-text-to-clipboard": "^3.0.1",
        "core-js": "^3.11.0",
        "mutation-observer": "^1.0.3"
      }
    },
    "vue-typed-js": {
      "version": "0.1.2",
      "resolved": "https://registry.npmmirror.com/vue-typed-js/-/vue-typed-js-0.1.2.tgz",
      "integrity": "sha512-9kDGuz17uYJghe/1hepRWiWYssgUFtrKnMGPHlWjVRxdvs/d9xYYWMkgzztjhx1R1B33hXkN8ctmkzCYHQ+caA==",
      "requires": {
        "typed.js": "git+https://github.com/mattboldt/typed.js.git"
      }
    },
    "weixin-js-sdk": {
      "version": "1.6.0",
      "resolved": "https://registry.npmjs.org/weixin-js-sdk/-/weixin-js-sdk-1.6.0.tgz",
      "integrity": "sha512-3IYQH7aalJGFJrwdT3epvTdR1MboMiH7vIZ5BRL2eYOJ12BNah7csoMkmSZzkq1+l92sSq29XdTCVjCJoK2sBQ=="
    }
  }
}
